
Microsoft Visual Studio Solution File, Format Version 12.00
# Visual Studio Version 16
VisualStudioVersion = 16.0.29215.179
MinimumVisualStudioVersion = 10.0.40219.1
Project("{9A19103F-16F7-4668-BE54-9A1E7A4F7556}") = "aspnetBackend", "REST_Shop\aspnetBackend.csproj", "{FCE48674-CE3A-4A3C-89C3-C351C5756D68}"
EndProject
Global
	GlobalSection(SolutionConfigurationPlatforms) = preSolution
		Debug|Any CPU = Debug|Any CPU
		Release|Any CPU = Release|Any CPU
	EndGlobalSection
	GlobalSection(ProjectConfigurationPlatforms) = postSolution
		{FCE48674-CE3A-4A3C-89C3-C351C5756D68}.Debug|Any CPU.ActiveCfg = Debug|Any CPU
		{FCE48674-CE3A-4A3C-89C3-C351C5756D68}.Debug|Any CPU.Build.0 = Debug|Any CPU
		{FCE48674-CE3A-4A3C-89C3-C351C5756D68}.Release|Any CPU.ActiveCfg = Release|Any CPU
		{FCE48674-CE3A-4A3C-89C3-C351C5756D68}.Release|Any CPU.Build.0 = Release|Any CPU
	EndGlobalSection
	GlobalSection(SolutionProperties) = preSolution
		HideSolutionNode = FALSE
	EndGlobalSection
	GlobalSection(ExtensibilityGlobals) = postSolution
		SolutionGuid = {5D2308E1-0416-4C51-B2CF-A7120E94BA3E}
	EndGlobalSection
EndGlobal
